
Microsoft Visual Studio Solution File, Format Version 12.00
# Visual Studio Version 17
VisualStudioVersion = 17.9.34714.143
MinimumVisualStudioVersion = 10.0.40219.1
Project("{FAE04EC0-301F-11D3-BF4B-00C04F79EFBC}") = "ProjetoXadrez", "ProjetoXadrez\ProjetoXadrez.csproj", "{A27B1BCD-90E1-4D36-8A05-62F1A62C1614}"
EndProject
Global
	GlobalSection(SolutionConfigurationPlatforms) = preSolution
		Debug|Any CPU = Debug|Any CPU
		Release|Any CPU = Release|Any CPU
	EndGlobalSection
	GlobalSection(ProjectConfigurationPlatforms) = postSolution
		{A27B1BCD-90E1-4D36-8A05-62F1A62C1614}.Debug|Any CPU.ActiveCfg = Debug|Any CPU
		{A27B1BCD-90E1-4D36-8A05-62F1A62C1614}.Debug|Any CPU.Build.0 = Debug|Any CPU
		{A27B1BCD-90E1-4D36-8A05-62F1A62C1614}.Release|Any CPU.ActiveCfg = Release|Any CPU
		{A27B1BCD-90E1-4D36-8A05-62F1A62C1614}.Release|Any CPU.Build.0 = Release|Any CPU
	EndGlobalSection
	GlobalSection(SolutionProperties) = preSolution
		HideSolutionNode = FALSE
	EndGlobalSection
	GlobalSection(ExtensibilityGlobals) = postSolution
		SolutionGuid = {4FD29E5A-D89A-4199-8B83-8B4666ABEAAC}
	EndGlobalSection
EndGlobal
